
Microsoft Visual Studio Solution File, Format Version 12.00
# Visual Studio Version 17
VisualStudioVersion = 17.9.34616.47
MinimumVisualStudioVersion = 10.0.40219.1
Project("{FAE04EC0-301F-11D3-BF4B-00C04F79EFBC}") = "TPModul3", "TPModul3\TPModul3.csproj", "{64A83305-73ED-47C4-9CCD-17BF03284A0E}"
EndProject
Global
	GlobalSection(SolutionConfigurationPlatforms) = preSolution
		Debug|Any CPU = Debug|Any CPU
		Release|Any CPU = Release|Any CPU
	EndGlobalSection
	GlobalSection(ProjectConfigurationPlatforms) = postSolution
		{64A83305-73ED-47C4-9CCD-17BF03284A0E}.Debug|Any CPU.ActiveCfg = Debug|Any CPU
		{64A83305-73ED-47C4-9CCD-17BF03284A0E}.Debug|Any CPU.Build.0 = Debug|Any CPU
		{64A83305-73ED-47C4-9CCD-17BF03284A0E}.Release|Any CPU.ActiveCfg = Release|Any CPU
		{64A83305-73ED-47C4-9CCD-17BF03284A0E}.Release|Any CPU.Build.0 = Release|Any CPU
	EndGlobalSection
	GlobalSection(SolutionProperties) = preSolution
		HideSolutionNode = FALSE
	EndGlobalSection
	GlobalSection(ExtensibilityGlobals) = postSolution
		SolutionGuid = {EE6FBDDA-B302-48D3-9CB5-C244BDE3C748}
	EndGlobalSection
EndGlobal
